// !$*UTF8*$!
{
	archiveVersion = 1;
	classes = {
	};
	objectVersion = 50;
	objects = {

/* Begin PBXBuildFile section */
		43E9E51A268425C300A30D28 /* AppCenter.framework in Frameworks */ = {isa = PBXBuildFile; fileRef = 43E9E49A268425AF00A30D28 /* AppCenter.framework */; };
		43E9E51C268425C500A30D28 /* AppCenterAnalytics.framework in Frameworks */ = {isa = PBXBuildFile; fileRef = 43E9E499268425AF00A30D28 /* AppCenterAnalytics.framework */; };
		43E9E51E268425C600A30D28 /* AppCenterCrashes.framework in Frameworks */ = {isa = PBXBuildFile; fileRef = 43E9E518268425AF00A30D28 /* AppCenterCrashes.framework */; };
		43E9E520268425C800A30D28 /* AppCenterDistribute.framework in Frameworks */ = {isa = PBXBuildFile; fileRef = 43E9E517268425AF00A30D28 /* AppCenterDistribute.framework */; };
		43E9E524268425CB00A30D28 /* AppCenterDistributeResources.bundle in Embed PlugIns */ = {isa = PBXBuildFile; fileRef = 43E9E519268425AF00A30D28 /* AppCenterDistributeResources.bundle */; settings = {ATTRIBUTES = (CodeSignOnCopy, RemoveHeadersOnCopy, ); }; };
		4A7173FD23151E2300F13749 /* AppDelegate.swift in Sources */ = {isa = PBXBuildFile; fileRef = 4A7173FC23151E2300F13749 /* AppDelegate.swift */; };
		4A7173FF23151E2300F13749 /* ViewController.swift in Sources */ = {isa = PBXBuildFile; fileRef = 4A7173FE23151E2300F13749 /* ViewController.swift */; };
		4A71740223151E2300F13749 /* Main.storyboard in Resources */ = {isa = PBXBuildFile; fileRef = 4A71740023151E2300F13749 /* Main.storyboard */; };
		4A71740423151E2400F13749 /* Assets.xcassets in Resources */ = {isa = PBXBuildFile; fileRef = 4A71740323151E2400F13749 /* Assets.xcassets */; };
		4A71740723151E2400F13749 /* LaunchScreen.storyboard in Resources */ = {isa = PBXBuildFile; fileRef = 4A71740523151E2400F13749 /* LaunchScreen.storyboard */; };
		4A71741223151E2400F13749 /* ios_swift_release_testTests.swift in Sources */ = {isa = PBXBuildFile; fileRef = 4A71741123151E2400F13749 /* ios_swift_release_testTests.swift */; };
		4A71741D23151E2400F13749 /* ios_swift_release_testUITests.swift in Sources */ = {isa = PBXBuildFile; fileRef = 4A71741C23151E2400F13749 /* ios_swift_release_testUITests.swift */; };
/* End PBXBuildFile section */

/* Begin PBXContainerItemProxy section */
		4A71740E23151E2400F13749 /* PBXContainerItemProxy */ = {
			isa = PBXContainerItemProxy;
			containerPortal = 4A7173F123151E2300F13749 /* Project object */;
			proxyType = 1;
			remoteGlobalIDString = 4A7173F823151E2300F13749;
			remoteInfo = "ios-swift-release-test";
		};
		4A71741923151E2400F13749 /* PBXContainerItemProxy */ = {
			isa = PBXContainerItemProxy;
			containerPortal = 4A7173F123151E2300F13749 /* Project object */;
			proxyType = 1;
			remoteGlobalIDString = 4A7173F823151E2300F13749;
			remoteInfo = "ios-swift-release-test";
		};
/* End PBXContainerItemProxy section */

/* Begin PBXCopyFilesBuildPhase section */
		9B4F5F6924DD44BB00221C8F /* Embed PlugIns */ = {
			isa = PBXCopyFilesBuildPhase;
			buildActionMask = 2147483647;
			dstPath = "";
			dstSubfolderSpec = 13;
			files = (
				43E9E524268425CB00A30D28 /* AppCenterDistributeResources.bundle in Embed PlugIns */,
			);
			name = "Embed PlugIns";
			runOnlyForDeploymentPostprocessing = 0;
		};
/* End PBXCopyFilesBuildPhase section */

/* Begin PBXFileReference section */
		43E9E499268425AF00A30D28 /* AppCenterAnalytics.framework */ = {isa = PBXFileReference; lastKnownFileType = wrapper.framework; name = AppCenterAnalytics.framework; path = "AppCenter-SDK-Apple/iOS/AppCenterAnalytics.framework"; sourceTree = "<group>"; };
		43E9E49A268425AF00A30D28 /* AppCenter.framework */ = {isa = PBXFileReference; lastKnownFileType = wrapper.framework; name = AppCenter.framework; path = "AppCenter-SDK-Apple/iOS/AppCenter.framework"; sourceTree = "<group>"; };
		43E9E517268425AF00A30D28 /* AppCenterDistribute.framework */ = {isa = PBXFileReference; lastKnownFileType = wrapper.framework; name = AppCenterDistribute.framework; path = "AppCenter-SDK-Apple/iOS/AppCenterDistribute.framework"; sourceTree = "<group>"; };
		43E9E518268425AF00A30D28 /* AppCenterCrashes.framework */ = {isa = PBXFileReference; lastKnownFileType = wrapper.framework; name = AppCenterCrashes.framework; path = "AppCenter-SDK-Apple/iOS/AppCenterCrashes.framework"; sourceTree = "<group>"; };
		43E9E519268425AF00A30D28 /* AppCenterDistributeResources.bundle */ = {isa = PBXFileReference; lastKnownFileType = "wrapper.plug-in"; name = AppCenterDistributeResources.bundle; path = "AppCenter-SDK-Apple/iOS/AppCenterDistributeResources.bundle"; sourceTree = "<group>"; };
		4A7173F923151E2300F13749 /* ios-swift-release-test.app */ = {isa = PBXFileReference; explicitFileType = wrapper.application; includeInIndex = 0; path = "ios-swift-release-test.app"; sourceTree = BUILT_PRODUCTS_DIR; };
		4A7173FC23151E2300F13749 /* AppDelegate.swift */ = {isa = PBXFileReference; lastKnownFileType = sourcecode.swift; path = AppDelegate.swift; sourceTree = "<group>"; };
		4A7173FE23151E2300F13749 /* ViewController.swift */ = {isa = PBXFileReference; lastKnownFileType = sourcecode.swift; path = ViewController.swift; sourceTree = "<group>"; };
		4A71740123151E2300F13749 /* Base */ = {isa = PBXFileReference; lastKnownFileType = file.storyboard; name = Base; path = Base.lproj/Main.storyboard; sourceTree = "<group>"; };
		4A71740323151E2400F13749 /* Assets.xcassets */ = {isa = PBXFileReference; lastKnownFileType = folder.assetcatalog; path = Assets.xcassets; sourceTree = "<group>"; };
		4A71740623151E2400F13749 /* Base */ = {isa = PBXFileReference; lastKnownFileType = file.storyboard; name = Base; path = Base.lproj/LaunchScreen.storyboard; sourceTree = "<group>"; };
		4A71740823151E2400F13749 /* Info.plist */ = {isa = PBXFileReference; lastKnownFileType = text.plist.xml; path = Info.plist; sourceTree = "<group>"; };
		4A71740D23151E2400F13749 /* ios-swift-release-testTests.xctest */ = {isa = PBXFileReference; explicitFileType = wrapper.cfbundle; includeInIndex = 0; path = "ios-swift-release-testTests.xctest"; sourceTree = BUILT_PRODUCTS_DIR; };
		4A71741123151E2400F13749 /* ios_swift_release_testTests.swift */ = {isa = PBXFileReference; lastKnownFileType = sourcecode.swift; path = ios_swift_release_testTests.swift; sourceTree = "<group>"; };
		4A71741323151E2400F13749 /* Info.plist */ = {isa = PBXFileReference; lastKnownFileType = text.plist.xml; path = Info.plist; sourceTree = "<group>"; };
		4A71741823151E2400F13749 /* ios-swift-release-testUITests.xctest */ = {isa = PBXFileReference; explicitFileType = wrapper.cfbundle; includeInIndex = 0; path = "ios-swift-release-testUITests.xctest"; sourceTree = BUILT_PRODUCTS_DIR; };
		4A71741C23151E2400F13749 /* ios_swift_release_testUITests.swift */ = {isa = PBXFileReference; lastKnownFileType = sourcecode.swift; path = ios_swift_release_testUITests.swift; sourceTree = "<group>"; };
		4A71741E23151E2400F13749 /* Info.plist */ = {isa = PBXFileReference; lastKnownFileType = text.plist.xml; path = Info.plist; sourceTree = "<group>"; };
		4AAE65032327930F00945D6A /* ios-swift-release-test.entitlements */ = {isa = PBXFileReference; lastKnownFileType = text.plist.entitlements; path = "ios-swift-release-test.entitlements"; sourceTree = "<group>"; };
/* End PBXFileReference section */

/* Begin PBXFrameworksBuildPhase section */
		4A7173F623151E2300F13749 /* Frameworks */ = {
			isa = PBXFrameworksBuildPhase;
			buildActionMask = 2147483647;
			files = (
				43E9E51C268425C500A30D28 /* AppCenterAnalytics.framework in Frameworks */,
				43E9E51A268425C300A30D28 /* AppCenter.framework in Frameworks */,
				43E9E520268425C800A30D28 /* AppCenterDistribute.framework in Frameworks */,
				43E9E51E268425C600A30D28 /* AppCenterCrashes.framework in Frameworks */,
			);
			runOnlyForDeploymentPostprocessing = 0;
		};
		4A71740A23151E2400F13749 /* Frameworks */ = {
			isa = PBXFrameworksBuildPhase;
			buildActionMask = 2147483647;
			files = (
			);
			runOnlyForDeploymentPostprocessing = 0;
		};
		4A71741523151E2400F13749 /* Frameworks */ = {
			isa = PBXFrameworksBuildPhase;
			buildActionMask = 2147483647;
			files = (
			);
			runOnlyForDeploymentPostprocessing = 0;
		};
/* End PBXFrameworksBuildPhase section */

/* Begin PBXGroup section */
		4A7173F023151E2300F13749 = {
			isa = PBXGroup;
			children = (
				4A7173FB23151E2300F13749 /* ios-swift-release-test */,
				4A71741023151E2400F13749 /* ios-swift-release-testTests */,
				4A71741B23151E2400F13749 /* ios-swift-release-testUITests */,
				4A7173FA23151E2300F13749 /* Products */,
				9B4F5F5624DD44BA00221C8F /* Frameworks */,
			);
			sourceTree = "<group>";
		};
		4A7173FA23151E2300F13749 /* Products */ = {
			isa = PBXGroup;
			children = (
				4A7173F923151E2300F13749 /* ios-swift-release-test.app */,
				4A71740D23151E2400F13749 /* ios-swift-release-testTests.xctest */,
				4A71741823151E2400F13749 /* ios-swift-release-testUITests.xctest */,
			);
			name = Products;
			sourceTree = "<group>";
		};
		4A7173FB23151E2300F13749 /* ios-swift-release-test */ = {
			isa = PBXGroup;
			children = (
				4AAE65032327930F00945D6A /* ios-swift-release-test.entitlements */,
				4A7173FC23151E2300F13749 /* AppDelegate.swift */,
				4A7173FE23151E2300F13749 /* ViewController.swift */,
				4A71740023151E2300F13749 /* Main.storyboard */,
				4A71740323151E2400F13749 /* Assets.xcassets */,
				4A71740523151E2400F13749 /* LaunchScreen.storyboard */,
				4A71740823151E2400F13749 /* Info.plist */,
			);
			path = "ios-swift-release-test";
			sourceTree = "<group>";
		};
		4A71741023151E2400F13749 /* ios-swift-release-testTests */ = {
			isa = PBXGroup;
			children = (
				4A71741123151E2400F13749 /* ios_swift_release_testTests.swift */,
				4A71741323151E2400F13749 /* Info.plist */,
			);
			path = "ios-swift-release-testTests";
			sourceTree = "<group>";
		};
		4A71741B23151E2400F13749 /* ios-swift-release-testUITests */ = {
			isa = PBXGroup;
			children = (
				4A71741C23151E2400F13749 /* ios_swift_release_testUITests.swift */,
				4A71741E23151E2400F13749 /* Info.plist */,
			);
			path = "ios-swift-release-testUITests";
			sourceTree = "<group>";
		};
		9B4F5F5624DD44BA00221C8F /* Frameworks */ = {
			isa = PBXGroup;
			children = (
				43E9E49A268425AF00A30D28 /* AppCenter.framework */,
				43E9E499268425AF00A30D28 /* AppCenterAnalytics.framework */,
				43E9E518268425AF00A30D28 /* AppCenterCrashes.framework */,
				43E9E517268425AF00A30D28 /* AppCenterDistribute.framework */,
				43E9E519268425AF00A30D28 /* AppCenterDistributeResources.bundle */,
			);
			name = Frameworks;
			sourceTree = "<group>";
		};
/* End PBXGroup section */

/* Begin PBXNativeTarget section */
		4A7173F823151E2300F13749 /* ios-swift-release-test */ = {
			isa = PBXNativeTarget;
			buildConfigurationList = 4A71742123151E2400F13749 /* Build configuration list for PBXNativeTarget "ios-swift-release-test" */;
			buildPhases = (
				4A7173F523151E2300F13749 /* Sources */,
				4A7173F623151E2300F13749 /* Frameworks */,
				4A7173F723151E2300F13749 /* Resources */,
				9B4F5F6924DD44BB00221C8F /* Embed PlugIns */,
			);
			buildRules = (
			);
			dependencies = (
			);
			name = "ios-swift-release-test";
			productName = "ios-swift-release-test";
			productReference = 4A7173F923151E2300F13749 /* ios-swift-release-test.app */;
			productType = "com.apple.product-type.application";
		};
		4A71740C23151E2400F13749 /* ios-swift-release-testTests */ = {
			isa = PBXNativeTarget;
			buildConfigurationList = 4A71742423151E2400F13749 /* Build configuration list for PBXNativeTarget "ios-swift-release-testTests" */;
			buildPhases = (
				4A71740923151E2400F13749 /* Sources */,
				4A71740A23151E2400F13749 /* Frameworks */,
				4A71740B23151E2400F13749 /* Resources */,
			);
			buildRules = (
			);
			dependencies = (
				4A71740F23151E2400F13749 /* PBXTargetDependency */,
			);
			name = "ios-swift-release-testTests";
			productName = "ios-swift-release-testTests";
			productReference = 4A71740D23151E2400F13749 /* ios-swift-release-testTests.xctest */;
			productType = "com.apple.product-type.bundle.unit-test";
		};
		4A71741723151E2400F13749 /* ios-swift-release-testUITests */ = {
			isa = PBXNativeTarget;
			buildConfigurationList = 4A71742723151E2400F13749 /* Build configuration list for PBXNativeTarget "ios-swift-release-testUITests" */;
			buildPhases = (
				4A71741423151E2400F13749 /* Sources */,
				4A71741523151E2400F13749 /* Frameworks */,
				4A71741623151E2400F13749 /* Resources */,
			);
			buildRules = (
			);
			dependencies = (
				4A71741A23151E2400F13749 /* PBXTargetDependency */,
			);
			name = "ios-swift-release-testUITests";
			productName = "ios-swift-release-testUITests";
			productReference = 4A71741823151E2400F13749 /* ios-swift-release-testUITests.xctest */;
			productType = "com.apple.product-type.bundle.ui-testing";
		};
/* End PBXNativeTarget section */

/* Begin PBXProject section */
		4A7173F123151E2300F13749 /* Project object */ = {
			isa = PBXProject;
			attributes = {
				LastSwiftUpdateCheck = 1010;
				LastUpgradeCheck = 1230;
				ORGANIZATIONNAME = bys;
				TargetAttributes = {
					4A7173F823151E2300F13749 = {
						CreatedOnToolsVersion = 10.1;
						SystemCapabilities = {
							com.apple.BackgroundModes = {
								enabled = 1;
							};
							com.apple.Push = {
								enabled = 1;
							};
						};
					};
					4A71740C23151E2400F13749 = {
						CreatedOnToolsVersion = 10.1;
						TestTargetID = 4A7173F823151E2300F13749;
					};
					4A71741723151E2400F13749 = {
						CreatedOnToolsVersion = 10.1;
						TestTargetID = 4A7173F823151E2300F13749;
					};
				};
			};
			buildConfigurationList = 4A7173F423151E2300F13749 /* Build configuration list for PBXProject "ios-swift-release-test" */;
			compatibilityVersion = "Xcode 9.3";
			developmentRegion = en;
			hasScannedForEncodings = 0;
			knownRegions = (
				en,
				Base,
			);
			mainGroup = 4A7173F023151E2300F13749;
			productRefGroup = 4A7173FA23151E2300F13749 /* Products */;
			projectDirPath = "";
			projectRoot = "";
			targets = (
				4A7173F823151E2300F13749 /* ios-swift-release-test */,
				4A71740C23151E2400F13749 /* ios-swift-release-testTests */,
				4A71741723151E2400F13749 /* ios-swift-release-testUITests */,
			);
		};
/* End PBXProject section */

/* Begin PBXResourcesBuildPhase section */
		4A7173F723151E2300F13749 /* Resources */ = {
			isa = PBXResourcesBuildPhase;
			buildActionMask = 2147483647;
			files = (
				4A71740723151E2400F13749 /* LaunchScreen.storyboard in Resources */,
				4A71740423151E2400F13749 /* Assets.xcassets in Resources */,
				4A71740223151E2300F13749 /* Main.storyboard in Resources */,
			);
			runOnlyForDeploymentPostprocessing = 0;
		};
		4A71740B23151E2400F13749 /* Resources */ = {
			isa = PBXResourcesBuildPhase;
			buildActionMask = 2147483647;
			files = (
			);
			runOnlyForDeploymentPostprocessing = 0;
		};
		4A71741623151E2400F13749 /* Resources */ = {
			isa = PBXResourcesBuildPhase;
			buildActionMask = 2147483647;
			files = (
			);
			runOnlyForDeploymentPostprocessing = 0;
		};
/* End PBXResourcesBuildPhase section */

/* Begin PBXSourcesBuildPhase section */
		4A7173F523151E2300F13749 /* Sources */ = {
			isa = PBXSourcesBuildPhase;
			buildActionMask = 2147483647;
			files = (
				4A7173FF23151E2300F13749 /* ViewController.swift in Sources */,
				4A7173FD23151E2300F13749 /* AppDelegate.swift in Sources */,
			);
			runOnlyForDeploymentPostprocessing = 0;
		};
		4A71740923151E2400F13749 /* Sources */ = {
			isa = PBXSourcesBuildPhase;
			buildActionMask = 2147483647;
			files = (
				4A71741223151E2400F13749 /* ios_swift_release_testTests.swift in Sources */,
			);
			runOnlyForDeploymentPostprocessing = 0;
		};
		4A71741423151E2400F13749 /* Sources */ = {
			isa = PBXSourcesBuildPhase;
			buildActionMask = 2147483647;
			files = (
				4A71741D23151E2400F13749 /* ios_swift_release_testUITests.swift in Sources */,
			);
			runOnlyForDeploymentPostprocessing = 0;
		};
/* End PBXSourcesBuildPhase section */

/* Begin PBXTargetDependency section */
		4A71740F23151E2400F13749 /* PBXTargetDependency */ = {
			isa = PBXTargetDependency;
			target = 4A7173F823151E2300F13749 /* ios-swift-release-test */;
			targetProxy = 4A71740E23151E2400F13749 /* PBXContainerItemProxy */;
		};
		4A71741A23151E2400F13749 /* PBXTargetDependency */ = {
			isa = PBXTargetDependency;
			target = 4A7173F823151E2300F13749 /* ios-swift-release-test */;
			targetProxy = 4A71741923151E2400F13749 /* PBXContainerItemProxy */;
		};
/* End PBXTargetDependency section */

/* Begin PBXVariantGroup section */
		4A71740023151E2300F13749 /* Main.storyboard */ = {
			isa = PBXVariantGroup;
			children = (
				4A71740123151E2300F13749 /* Base */,
			);
			name = Main.storyboard;
			sourceTree = "<group>";
		};
		4A71740523151E2400F13749 /* LaunchScreen.storyboard */ = {
			isa = PBXVariantGroup;
			children = (
				4A71740623151E2400F13749 /* Base */,
			);
			name = LaunchScreen.storyboard;
			sourceTree = "<group>";
		};
/* End PBXVariantGroup section */

/* Begin XCBuildConfiguration section */
		4A71741F23151E2400F13749 /* Debug */ = {
			isa = XCBuildConfiguration;
			buildSettings = {
				ALWAYS_SEARCH_USER_PATHS = NO;
				CLANG_ANALYZER_NONNULL = YES;
				CLANG_ANALYZER_NUMBER_OBJECT_CONVERSION = YES_AGGRESSIVE;
				CLANG_CXX_LANGUAGE_STANDARD = "gnu++14";
				CLANG_CXX_LIBRARY = "libc++";
				CLANG_ENABLE_MODULES = YES;
				CLANG_ENABLE_OBJC_ARC = YES;
				CLANG_ENABLE_OBJC_WEAK = YES;
				CLANG_WARN_BLOCK_CAPTURE_AUTORELEASING = YES;
				CLANG_WARN_BOOL_CONVERSION = YES;
				CLANG_WARN_COMMA = YES;
				CLANG_WARN_CONSTANT_CONVERSION = YES;
				CLANG_WARN_DEPRECATED_OBJC_IMPLEMENTATIONS = YES;
				CLANG_WARN_DIRECT_OBJC_ISA_USAGE = YES_ERROR;
				CLANG_WARN_DOCUMENTATION_COMMENTS = YES;
				CLANG_WARN_EMPTY_BODY = YES;
				CLANG_WARN_ENUM_CONVERSION = YES;
				CLANG_WARN_INFINITE_RECURSION = YES;
				CLANG_WARN_INT_CONVERSION = YES;
				CLANG_WARN_NON_LITERAL_NULL_CONVERSION = YES;
				CLANG_WARN_OBJC_IMPLICIT_RETAIN_SELF = YES;
				CLANG_WARN_OBJC_LITERAL_CONVERSION = YES;
				CLANG_WARN_OBJC_ROOT_CLASS = YES_ERROR;
				CLANG_WARN_QUOTED_INCLUDE_IN_FRAMEWORK_HEADER = YES;
				CLANG_WARN_RANGE_LOOP_ANALYSIS = YES;
				CLANG_WARN_STRICT_PROTOTYPES = YES;
				CLANG_WARN_SUSPICIOUS_MOVE = YES;
				CLANG_WARN_UNGUARDED_AVAILABILITY = YES_AGGRESSIVE;
				CLANG_WARN_UNREACHABLE_CODE = YES;
				CLANG_WARN__DUPLICATE_METHOD_MATCH = YES;
				CODE_SIGN_IDENTITY = "iPhone Developer";
				COPY_PHASE_STRIP = NO;
				DEBUG_INFORMATION_FORMAT = dwarf;
				ENABLE_STRICT_OBJC_MSGSEND = YES;
				ENABLE_TESTABILITY = YES;
				GCC_C_LANGUAGE_STANDARD = gnu11;
				GCC_DYNAMIC_NO_PIC = NO;
				GCC_NO_COMMON_BLOCKS = YES;
				GCC_OPTIMIZATION_LEVEL = 0;
				GCC_PREPROCESSOR_DEFINITIONS = (
					"DEBUG=1",
					"$(inherited)",
				);
				GCC_WARN_64_TO_32_BIT_CONVERSION = YES;
				GCC_WARN_ABOUT_RETURN_TYPE = YES_ERROR;
				GCC_WARN_UNDECLARED_SELECTOR = YES;
				GCC_WARN_UNINITIALIZED_AUTOS = YES_AGGRESSIVE;
				GCC_WARN_UNUSED_FUNCTION = YES;
				GCC_WARN_UNUSED_VARIABLE = YES;
				IPHONEOS_DEPLOYMENT_TARGET = 12.0;
				MTL_ENABLE_DEBUG_INFO = INCLUDE_SOURCE;
				MTL_FAST_MATH = YES;
				ONLY_ACTIVE_ARCH = YES;
				SDKROOT = iphoneos;
				SWIFT_ACTIVE_COMPILATION_CONDITIONS = DEBUG;
				SWIFT_OPTIMIZATION_LEVEL = "-Onone";
			};
			name = Debug;
		};
		4A71742023151E2400F13749 /* Release */ = {
			isa = XCBuildConfiguration;
			buildSettings = {
				ALWAYS_SEARCH_USER_PATHS = NO;
				CLANG_ANALYZER_NONNULL = YES;
				CLANG_ANALYZER_NUMBER_OBJECT_CONVERSION = YES_AGGRESSIVE;
				CLANG_CXX_LANGUAGE_STANDARD = "gnu++14";
				CLANG_CXX_LIBRARY = "libc++";
				CLANG_ENABLE_MODULES = YES;
				CLANG_ENABLE_OBJC_ARC = YES;
				CLANG_ENABLE_OBJC_WEAK = YES;
				CLANG_WARN_BLOCK_CAPTURE_AUTORELEASING = YES;
				CLANG_WARN_BOOL_CONVERSION = YES;
				CLANG_WARN_COMMA = YES;
				CLANG_WARN_CONSTANT_CONVERSION = YES;
				CLANG_WARN_DEPRECATED_OBJC_IMPLEMENTATIONS = YES;
				CLANG_WARN_DIRECT_OBJC_ISA_USAGE = YES_ERROR;
				CLANG_WARN_DOCUMENTATION_COMMENTS = YES;
				CLANG_WARN_EMPTY_BODY = YES;
				CLANG_WARN_ENUM_CONVERSION = YES;
				CLANG_WARN_INFINITE_RECURSION = YES;
				CLANG_WARN_INT_CONVERSION = YES;
				CLANG_WARN_NON_LITERAL_NULL_CONVERSION = YES;
				CLANG_WARN_OBJC_IMPLICIT_RETAIN_SELF = YES;
				CLANG_WARN_OBJC_LITERAL_CONVERSION = YES;
				CLANG_WARN_OBJC_ROOT_CLASS = YES_ERROR;
				CLANG_WARN_QUOTED_INCLUDE_IN_FRAMEWORK_HEADER = YES;
				CLANG_WARN_RANGE_LOOP_ANALYSIS = YES;
				CLANG_WARN_STRICT_PROTOTYPES = YES;
				CLANG_WARN_SUSPICIOUS_MOVE = YES;
				CLANG_WARN_UNGUARDED_AVAILABILITY = YES_AGGRESSIVE;
				CLANG_WARN_UNREACHABLE_CODE = YES;
				CLANG_WARN__DUPLICATE_METHOD_MATCH = YES;
				CODE_SIGN_IDENTITY = "iPhone Developer";
				COPY_PHASE_STRIP = NO;
				DEBUG_INFORMATION_FORMAT = "dwarf-with-dsym";
				ENABLE_NS_ASSERTIONS = NO;
				ENABLE_STRICT_OBJC_MSGSEND = YES;
				GCC_C_LANGUAGE_STANDARD = gnu11;
				GCC_NO_COMMON_BLOCKS = YES;
				GCC_WARN_64_TO_32_BIT_CONVERSION = YES;
				GCC_WARN_ABOUT_RETURN_TYPE = YES_ERROR;
				GCC_WARN_UNDECLARED_SELECTOR = YES;
				GCC_WARN_UNINITIALIZED_AUTOS = YES_AGGRESSIVE;
				GCC_WARN_UNUSED_FUNCTION = YES;
				GCC_WARN_UNUSED_VARIABLE = YES;
				IPHONEOS_DEPLOYMENT_TARGET = 12.0;
				MTL_ENABLE_DEBUG_INFO = NO;
				MTL_FAST_MATH = YES;
				SDKROOT = iphoneos;
				SWIFT_COMPILATION_MODE = wholemodule;
				SWIFT_OPTIMIZATION_LEVEL = "-O";
				VALIDATE_PRODUCT = YES;
			};
			name = Release;
		};
		4A71742223151E2400F13749 /* Debug */ = {
			isa = XCBuildConfiguration;
			buildSettings = {
				ASSETCATALOG_COMPILER_APPICON_NAME = AppIcon;
				CODE_SIGN_ENTITLEMENTS = "ios-swift-release-test/ios-swift-release-test.entitlements";
				CODE_SIGN_STYLE = Automatic;
				DEVELOPMENT_TEAM = V39U3BWB97;
				FRAMEWORK_SEARCH_PATHS = (
					"$(inherited)",
					"$(PROJECT_DIR)/iOS",
					"$(PROJECT_DIR)/AppCenter-SDK-Apple/iOS",
				);
				INFOPLIST_FILE = "ios-swift-release-test/Info.plist";
				LD_RUNPATH_SEARCH_PATHS = (
					"$(inherited)",
					"@executable_path/Frameworks",
				);
				PRODUCT_BUNDLE_IDENTIFIER = "qw.ios-swift-release-test1";
				PRODUCT_NAME = "$(TARGET_NAME)";
				SWIFT_VERSION = 4.2;
				TARGETED_DEVICE_FAMILY = "1,2";
			};
			name = Debug;
		};
		4A71742323151E2400F13749 /* Release */ = {
			isa = XCBuildConfiguration;
			buildSettings = {
				ASSETCATALOG_COMPILER_APPICON_NAME = AppIcon;
				CODE_SIGN_ENTITLEMENTS = "ios-swift-release-test/ios-swift-release-test.entitlements";
				CODE_SIGN_STYLE = Automatic;
				DEVELOPMENT_TEAM = V39U3BWB97;
				FRAMEWORK_SEARCH_PATHS = (
					"$(inherited)",
					"$(PROJECT_DIR)/iOS",
					"$(PROJECT_DIR)/AppCenter-SDK-Apple/iOS",
				);
				INFOPLIST_FILE = "ios-swift-release-test/Info.plist";
				LD_RUNPATH_SEARCH_PATHS = (
					"$(inherited)",
					"@executable_path/Frameworks",
				);
				PRODUCT_BUNDLE_IDENTIFIER = "qw.ios-swift-release-test1";
				PRODUCT_NAME = "$(TARGET_NAME)";
				SWIFT_VERSION = 4.2;
				TARGETED_DEVICE_FAMILY = "1,2";
			};
			name = Release;
		};
		4A71742523151E2400F13749 /* Debug */ = {
			isa = XCBuildConfiguration;
			buildSettings = {
				ALWAYS_EMBED_SWIFT_STANDARD_LIBRARIES = YES;
				BUNDLE_LOADER = "$(TEST_HOST)";
				CODE_SIGN_STYLE = Automatic;
				DEVELOPMENT_TEAM = 3D27XEAVGH;
				INFOPLIST_FILE = "ios-swift-release-testTests/Info.plist";
				LD_RUNPATH_SEARCH_PATHS = (
					"$(inherited)",
					"@executable_path/Frameworks",
					"@loader_path/Frameworks",
				);
				PRODUCT_BUNDLE_IDENTIFIER = "qw.ios-swift-release-testTests";
				PRODUCT_NAME = "$(TARGET_NAME)";
				SWIFT_VERSION = 4.2;
				TARGETED_DEVICE_FAMILY = "1,2";
				TEST_HOST = "$(BUILT_PRODUCTS_DIR)/ios-swift-release-test.app/ios-swift-release-test";
			};
			name = Debug;
		};
		4A71742623151E2400F13749 /* Release */ = {
			isa = XCBuildConfiguration;
			buildSettings = {
				ALWAYS_EMBED_SWIFT_STANDARD_LIBRARIES = YES;
				BUNDLE_LOADER = "$(TEST_HOST)";
				CODE_SIGN_STYLE = Automatic;
				DEVELOPMENT_TEAM = 3D27XEAVGH;
				INFOPLIST_FILE = "ios-swift-release-testTests/Info.plist";
				LD_RUNPATH_SEARCH_PATHS = (
					"$(inherited)",
					"@executable_path/Frameworks",
					"@loader_path/Frameworks",
				);
				PRODUCT_BUNDLE_IDENTIFIER = "qw.ios-swift-release-testTests";
				PRODUCT_NAME = "$(TARGET_NAME)";
				SWIFT_VERSION = 4.2;
				TARGETED_DEVICE_FAMILY = "1,2";
				TEST_HOST = "$(BUILT_PRODUCTS_DIR)/ios-swift-release-test.app/ios-swift-release-test";
			};
			name = Release;
		};
		4A71742823151E2400F13749 /* Debug */ = {
			isa = XCBuildConfiguration;
			buildSettings = {
				ALWAYS_EMBED_SWIFT_STANDARD_LIBRARIES = YES;
				CODE_SIGN_STYLE = Automatic;
				DEVELOPMENT_TEAM = V39U3BWB97;
				INFOPLIST_FILE = "ios-swift-release-testUITests/Info.plist";
				LD_RUNPATH_SEARCH_PATHS = (
					"$(inherited)",
					"@executable_path/Frameworks",
					"@loader_path/Frameworks",
				);
				PRODUCT_BUNDLE_IDENTIFIER = "qw.ios-swift-release-testUITests";
				PRODUCT_NAME = "$(TARGET_NAME)";
				SWIFT_VERSION = 4.2;
				TARGETED_DEVICE_FAMILY = "1,2";
				TEST_TARGET_NAME = "ios-swift-release-test";
			};
			name = Debug;
		};
		4A71742923151E2400F13749 /* Release */ = {
			isa = XCBuildConfiguration;
			buildSettings = {
				ALWAYS_EMBED_SWIFT_STANDARD_LIBRARIES = YES;
				CODE_SIGN_STYLE = Automatic;
				DEVELOPMENT_TEAM = V39U3BWB97;
				INFOPLIST_FILE = "ios-swift-release-testUITests/Info.plist";
				LD_RUNPATH_SEARCH_PATHS = (
					"$(inherited)",
					"@executable_path/Frameworks",
					"@loader_path/Frameworks",
				);
				PRODUCT_BUNDLE_IDENTIFIER = "qw.ios-swift-release-testUITests";
				PRODUCT_NAME = "$(TARGET_NAME)";
				SWIFT_VERSION = 4.2;
				TARGETED_DEVICE_FAMILY = "1,2";
				TEST_TARGET_NAME = "ios-swift-release-test";
			};
			name = Release;
		};
/* End XCBuildConfiguration section */

/* Begin XCConfigurationList section */
		4A7173F423151E2300F13749 /* Build configuration list for PBXProject "ios-swift-release-test" */ = {
			isa = XCConfigurationList;
			buildConfigurations = (
				4A71741F23151E2400F13749 /* Debug */,
				4A71742023151E2400F13749 /* Release */,
			);
			defaultConfigurationIsVisible = 0;
			defaultConfigurationName = Release;
		};
		4A71742123151E2400F13749 /* Build configuration list for PBXNativeTarget "ios-swift-release-test" */ = {
			isa = XCConfigurationList;
			buildConfigurations = (
				4A71742223151E2400F13749 /* Debug */,
				4A71742323151E2400F13749 /* Release */,
			);
			defaultConfigurationIsVisible = 0;
			defaultConfigurationName = Release;
		};
		4A71742423151E2400F13749 /* Build configuration list for PBXNativeTarget "ios-swift-release-testTests" */ = {
			isa = XCConfigurationList;
			buildConfigurations = (
				4A71742523151E2400F13749 /* Debug */,
				4A71742623151E2400F13749 /* Release */,
			);
			defaultConfigurationIsVisible = 0;
			defaultConfigurationName = Release;
		};
		4A71742723151E2400F13749 /* Build configuration list for PBXNativeTarget "ios-swift-release-testUITests" */ = {
			isa = XCConfigurationList;
			buildConfigurations = (
				4A71742823151E2400F13749 /* Debug */,
				4A71742923151E2400F13749 /* Release */,
			);
			defaultConfigurationIsVisible = 0;
			defaultConfigurationName = Release;
		};
/* End XCConfigurationList section */
	};
	rootObject = 4A7173F123151E2300F13749 /* Project object */;
}
